<?xml version="1.0" encoding="utf-8"?>
<Project ToolsVersion="4.0" xmlns="http://schemas.microsoft.com/developer/msbuild/2003">
  <ItemGroup>
    <Filter Include="來源檔案">
      <UniqueIdentifier>{4FC737F1-C7A5-4376-A066-2A32D752A2FF}</UniqueIdentifier>
      <Extensions>cpp;c;cc;cxx;c++;cppm;ixx;def;odl;idl;hpj;bat;asm;asmx</Extensions>
    </Filter>
    <Filter Include="標頭檔">
      <UniqueIdentifier>{93995380-89BD-4b04-88EB-625FBE52EBFB}</UniqueIdentifier>
      <Extensions>h;hh;hpp;hxx;h++;hm;inl;inc;ipp;xsd</Extensions>
    </Filter>
    <Filter Include="資源檔">
      <UniqueIdentifier>{67DA6AB6-F800-4c08-8B7A-83BB121AAD01}</UniqueIdentifier>
      <Extensions>rc;ico;cur;bmp;dlg;rc2;rct;bin;rgs;gif;jpg;jpeg;jpe;resx;tiff;tif;png;wav;mfcribbon-ms</Extensions>
    </Filter>
  </ItemGroup>
  <ItemGroup>
    <ClCompile Include="Allegro5Exception.cpp">
      <Filter>來源檔案</Filter>
    </ClCompile>
    <ClCompile Include="AudioHelper.cpp">
      <Filter>來源檔案</Filter>
    </ClCompile>
    <ClCompile Include="Bullet.cpp">
      <Filter>來源檔案</Filter>
    </ClCompile>
    <ClCompile Include="Collider.cpp">
      <Filter>來源檔案</Filter>
    </ClCompile>
    <ClCompile Include="Enemy.cpp">
      <Filter>來源檔案</Filter>
    </ClCompile>
    <ClCompile Include="GameEngine.cpp">
      <Filter>來源檔案</Filter>
    </ClCompile>
    <ClCompile Include="Group.cpp">
      <Filter>來源檔案</Filter>
    </ClCompile>
    <ClCompile Include="IControl.cpp">
      <Filter>來源檔案</Filter>
    </ClCompile>
    <ClCompile Include="Image.cpp">
      <Filter>來源檔案</Filter>
    </ClCompile>
    <ClCompile Include="ImageButton.cpp">
      <Filter>來源檔案</Filter>
    </ClCompile>
    <ClCompile Include="IObject.cpp">
      <Filter>來源檔案</Filter>
    </ClCompile>
    <ClCompile Include="IScene.cpp">
      <Filter>來源檔案</Filter>
    </ClCompile>
    <ClCompile Include="Label.cpp">
      <Filter>來源檔案</Filter>
    </ClCompile>
    <ClCompile Include="LOG.cpp">
      <Filter>來源檔案</Filter>
    </ClCompile>
    <ClCompile Include="main.cpp">
      <Filter>來源檔案</Filter>
    </ClCompile>
    <ClCompile Include="Plane.cpp">
      <Filter>來源檔案</Filter>
    </ClCompile>
    <ClCompile Include="Point.cpp">
      <Filter>來源檔案</Filter>
    </ClCompile>
    <ClCompile Include="Resources.cpp">
      <Filter>來源檔案</Filter>
    </ClCompile>
    <ClCompile Include="SettingScene.cpp">
      <Filter>來源檔案</Filter>
    </ClCompile>
    <ClCompile Include="Slider.cpp">
      <Filter>來源檔案</Filter>
    </ClCompile>
    <ClCompile Include="Sprite.cpp">
      <Filter>來源檔案</Filter>
    </ClCompile>
    <ClCompile Include="Turret.cpp">
      <Filter>來源檔案</Filter>
    </ClCompile>
    <ClCompile Include="TurretButton.cpp">
      <Filter>來源檔案</Filter>
    </ClCompile>
    <ClCompile Include="WinScene.cpp">
      <Filter>來源檔案</Filter>
    </ClCompile>
    <ClCompile Include="Bullet3Fire.cpp">
      <Filter>來源檔案</Filter>
    </ClCompile>
    <ClCompile Include="Bullet1IceCream.cpp">
      <Filter>來源檔案</Filter>
    </ClCompile>
    <ClCompile Include="Bullet2Pocky.cpp">
      <Filter>來源檔案</Filter>
    </ClCompile>
    <ClCompile Include="Enemy4Glasses.cpp">
      <Filter>來源檔案</Filter>
    </ClCompile>
    <ClCompile Include="Enemy1Normal.cpp">
      <Filter>來源檔案</Filter>
    </ClCompile>
    <ClCompile Include="Enemy2Sofa.cpp">
      <Filter>來源檔案</Filter>
    </ClCompile>
    <ClCompile Include="Enemy3Strong.cpp">
      <Filter>來源檔案</Filter>
    </ClCompile>
    <ClCompile Include="Turret3Freeze.cpp">
      <Filter>來源檔案</Filter>
    </ClCompile>
    <ClCompile Include="Turret1WBCell.cpp">
      <Filter>來源檔案</Filter>
    </ClCompile>
    <ClCompile Include="Turret2Platelet.cpp">
      <Filter>來源檔案</Filter>
    </ClCompile>
    <ClCompile Include="EffectDirty.cpp">
      <Filter>來源檔案</Filter>
    </ClCompile>
    <ClCompile Include="EffectExplosion.cpp">
      <Filter>來源檔案</Filter>
    </ClCompile>
    <ClCompile Include="SceneLose.cpp">
      <Filter>來源檔案</Filter>
    </ClCompile>
    <ClCompile Include="ScenePlay.cpp">
      <Filter>來源檔案</Filter>
    </ClCompile>
    <ClCompile Include="SceneStageSelect.cpp">
      <Filter>來源檔案</Filter>
    </ClCompile>
    <ClCompile Include="EffectShoot.cpp">
      <Filter>來源檔案</Filter>
    </ClCompile>
    <ClCompile Include="SceneStart.cpp">
      <Filter>來源檔案</Filter>
    </ClCompile>
    <ClCompile Include="BulletEnemy.cpp">
      <Filter>來源檔案</Filter>
    </ClCompile>
    <ClCompile Include="BulletEnemy1.cpp">
      <Filter>來源檔案</Filter>
    </ClCompile>
    <ClCompile Include="BulletEnemy2.cpp">
      <Filter>來源檔案</Filter>
    </ClCompile>
    <ClCompile Include="BulletEnemy3.cpp">
      <Filter>來源檔案</Filter>
    </ClCompile>
    <ClCompile Include="BulletEnemy4.cpp">
      <Filter>來源檔案</Filter>
    </ClCompile>
    <ClCompile Include="Turret4.cpp">
      <Filter>來源檔案</Filter>
    </ClCompile>
    <ClCompile Include="Turret5.cpp">
      <Filter>來源檔案</Filter>
    </ClCompile>
    <ClCompile Include="Turret6.cpp">
      <Filter>來源檔案</Filter>
    </ClCompile>
    <ClCompile Include="Turret7.cpp">
      <Filter>來源檔案</Filter>
    </ClCompile>
  </ItemGroup>
  <ItemGroup>
    <ClInclude Include="Allegro5Exception.hpp">
      <Filter>標頭檔</Filter>
    </ClInclude>
    <ClInclude Include="AudioHelper.hpp">
      <Filter>標頭檔</Filter>
    </ClInclude>
    <ClInclude Include="Bullet.hpp">
      <Filter>標頭檔</Filter>
    </ClInclude>
    <ClInclude Include="Collider.hpp">
      <Filter>標頭檔</Filter>
    </ClInclude>
    <ClInclude Include="Enemy.hpp">
      <Filter>標頭檔</Filter>
    </ClInclude>
    <ClInclude Include="GameEngine.hpp">
      <Filter>標頭檔</Filter>
    </ClInclude>
    <ClInclude Include="Group.hpp">
      <Filter>標頭檔</Filter>
    </ClInclude>
    <ClInclude Include="IControl.hpp">
      <Filter>標頭檔</Filter>
    </ClInclude>
    <ClInclude Include="Image.hpp">
      <Filter>標頭檔</Filter>
    </ClInclude>
    <ClInclude Include="ImageButton.hpp">
      <Filter>標頭檔</Filter>
    </ClInclude>
    <ClInclude Include="IObject.hpp">
      <Filter>標頭檔</Filter>
    </ClInclude>
    <ClInclude Include="IScene.hpp">
      <Filter>標頭檔</Filter>
    </ClInclude>
    <ClInclude Include="Label.hpp">
      <Filter>標頭檔</Filter>
    </ClInclude>
    <ClInclude Include="LOG.hpp">
      <Filter>標頭檔</Filter>
    </ClInclude>
    <ClInclude Include="Plane.hpp">
      <Filter>標頭檔</Filter>
    </ClInclude>
    <ClInclude Include="Point.hpp">
      <Filter>標頭檔</Filter>
    </ClInclude>
    <ClInclude Include="Resources.hpp">
      <Filter>標頭檔</Filter>
    </ClInclude>
    <ClInclude Include="Slider.hpp">
      <Filter>標頭檔</Filter>
    </ClInclude>
    <ClInclude Include="Sprite.hpp">
      <Filter>標頭檔</Filter>
    </ClInclude>
    <ClInclude Include="Turret.hpp">
      <Filter>標頭檔</Filter>
    </ClInclude>
    <ClInclude Include="TurretButton.hpp">
      <Filter>標頭檔</Filter>
    </ClInclude>
    <ClInclude Include="WinScene.hpp">
      <Filter>標頭檔</Filter>
    </ClInclude>
    <ClInclude Include="Bullet3Fire.hpp">
      <Filter>標頭檔</Filter>
    </ClInclude>
    <ClInclude Include="Bullet1IceCream.hpp">
      <Filter>標頭檔</Filter>
    </ClInclude>
    <ClInclude Include="Bullet2Pocky.hpp">
      <Filter>標頭檔</Filter>
    </ClInclude>
    <ClInclude Include="Enemy4Glasses.hpp">
      <Filter>標頭檔</Filter>
    </ClInclude>
    <ClInclude Include="Enemy1Normal.hpp">
      <Filter>標頭檔</Filter>
    </ClInclude>
    <ClInclude Include="Enemy2Sofa.hpp">
      <Filter>標頭檔</Filter>
    </ClInclude>
    <ClInclude Include="Enemy3Strong.hpp">
      <Filter>標頭檔</Filter>
    </ClInclude>
    <ClInclude Include="Turret3Freeze.hpp">
      <Filter>標頭檔</Filter>
    </ClInclude>
    <ClInclude Include="Turret1WBCell.hpp">
      <Filter>標頭檔</Filter>
    </ClInclude>
    <ClInclude Include="Turret2Platelet.hpp">
      <Filter>標頭檔</Filter>
    </ClInclude>
    <ClInclude Include="EffectDirty.hpp">
      <Filter>標頭檔</Filter>
    </ClInclude>
    <ClInclude Include="EffectExplosion.hpp">
      <Filter>標頭檔</Filter>
    </ClInclude>
    <ClInclude Include="SceneLose.hpp">
      <Filter>標頭檔</Filter>
    </ClInclude>
    <ClInclude Include="ScenePlay.hpp">
      <Filter>標頭檔</Filter>
    </ClInclude>
    <ClInclude Include="SceneSetting.hpp">
      <Filter>標頭檔</Filter>
    </ClInclude>
    <ClInclude Include="SceneStageSelect.hpp">
      <Filter>標頭檔</Filter>
    </ClInclude>
    <ClInclude Include="EffectShoot.hpp">
      <Filter>標頭檔</Filter>
    </ClInclude>
    <ClInclude Include="SceneStart.hpp">
      <Filter>標頭檔</Filter>
    </ClInclude>
    <ClInclude Include="BulletEnemy.hpp">
      <Filter>標頭檔</Filter>
    </ClInclude>
    <ClInclude Include="BulletEnemy1.hpp">
      <Filter>標頭檔</Filter>
    </ClInclude>
    <ClInclude Include="BulletEnemy2.hpp">
      <Filter>標頭檔</Filter>
    </ClInclude>
    <ClInclude Include="BulletEnemy3.hpp">
      <Filter>標頭檔</Filter>
    </ClInclude>
    <ClInclude Include="BulletEnemy4.hpp">
      <Filter>標頭檔</Filter>
    </ClInclude>
    <ClInclude Include="Turret4.hpp">
      <Filter>標頭檔</Filter>
    </ClInclude>
    <ClInclude Include="Turret5.hpp">
      <Filter>標頭檔</Filter>
    </ClInclude>
    <ClInclude Include="Turret6.hpp">
      <Filter>標頭檔</Filter>
    </ClInclude>
    <ClInclude Include="Turret7.hpp">
      <Filter>標頭檔</Filter>
    </ClInclude>
  </ItemGroup>
</Project>